
Microsoft Visual Studio Solution File, Format Version 12.00
# Visual Studio 14
VisualStudioVersion = 14.0.25420.1
MinimumVisualStudioVersion = 10.0.40219.1
Project("{FAE04EC0-301F-11D3-BF4B-00C04F79EFBC}") = "Client1", "Client1\Client1.csproj", "{7DBF7BF7-4439-47A9-A7C9-0FE36FC19405}"
EndProject
Project("{FAE04EC0-301F-11D3-BF4B-00C04F79EFBC}") = "DAL", "DAL\DAL.csproj", "{EEF30BA1-C2F5-486C-98EA-8B3FDE6BCB9E}"
EndProject
Project("{FAE04EC0-301F-11D3-BF4B-00C04F79EFBC}") = "Server", "Server\Server.csproj", "{07050178-7CA4-4134-8DB4-806325966137}"
EndProject
Project("{FAE04EC0-301F-11D3-BF4B-00C04F79EFBC}") = "Subscriber1", "Subscriber1\Subscriber1.csproj", "{B2DA3CA4-7CAA-4488-AE50-6AB9CB81F0EB}"
EndProject
Project("{D954291E-2A0B-460D-934E-DC6B0785DB48}") = "BusStuff", "BusStuff\BusStuff.shproj", "{DA8AD89F-26E1-4B1E-AED8-257DD7BD328E}"
EndProject
Project("{FAE04EC0-301F-11D3-BF4B-00C04F79EFBC}") = "Subscriber2", "Subscriber2\Subscriber2.csproj", "{05094415-4242-4F74-B24D-BF0C7335C85E}"
EndProject
Global
	GlobalSection(SharedMSBuildProjectFiles) = preSolution
		BusStuff\BusStuff.projitems*{05094415-4242-4f74-b24d-bf0c7335c85e}*SharedItemsImports = 4
		BusStuff\BusStuff.projitems*{07050178-7ca4-4134-8db4-806325966137}*SharedItemsImports = 4
		BusStuff\BusStuff.projitems*{da8ad89f-26e1-4b1e-aed8-257dd7bd328e}*SharedItemsImports = 13
		BusStuff\BusStuff.projitems*{eef30ba1-c2f5-486c-98ea-8b3fde6bcb9e}*SharedItemsImports = 4
	EndGlobalSection
	GlobalSection(SolutionConfigurationPlatforms) = preSolution
		Debug|Any CPU = Debug|Any CPU
		Release|Any CPU = Release|Any CPU
	EndGlobalSection
	GlobalSection(ProjectConfigurationPlatforms) = postSolution
		{7DBF7BF7-4439-47A9-A7C9-0FE36FC19405}.Debug|Any CPU.ActiveCfg = Debug|Any CPU
		{7DBF7BF7-4439-47A9-A7C9-0FE36FC19405}.Debug|Any CPU.Build.0 = Debug|Any CPU
		{7DBF7BF7-4439-47A9-A7C9-0FE36FC19405}.Release|Any CPU.ActiveCfg = Release|Any CPU
		{7DBF7BF7-4439-47A9-A7C9-0FE36FC19405}.Release|Any CPU.Build.0 = Release|Any CPU
		{EEF30BA1-C2F5-486C-98EA-8B3FDE6BCB9E}.Debug|Any CPU.ActiveCfg = Debug|Any CPU
		{EEF30BA1-C2F5-486C-98EA-8B3FDE6BCB9E}.Debug|Any CPU.Build.0 = Debug|Any CPU
		{EEF30BA1-C2F5-486C-98EA-8B3FDE6BCB9E}.Release|Any CPU.ActiveCfg = Release|Any CPU
		{EEF30BA1-C2F5-486C-98EA-8B3FDE6BCB9E}.Release|Any CPU.Build.0 = Release|Any CPU
		{07050178-7CA4-4134-8DB4-806325966137}.Debug|Any CPU.ActiveCfg = Debug|Any CPU
		{07050178-7CA4-4134-8DB4-806325966137}.Debug|Any CPU.Build.0 = Debug|Any CPU
		{07050178-7CA4-4134-8DB4-806325966137}.Release|Any CPU.ActiveCfg = Release|Any CPU
		{07050178-7CA4-4134-8DB4-806325966137}.Release|Any CPU.Build.0 = Release|Any CPU
		{B2DA3CA4-7CAA-4488-AE50-6AB9CB81F0EB}.Debug|Any CPU.ActiveCfg = Debug|Any CPU
		{B2DA3CA4-7CAA-4488-AE50-6AB9CB81F0EB}.Debug|Any CPU.Build.0 = Debug|Any CPU
		{B2DA3CA4-7CAA-4488-AE50-6AB9CB81F0EB}.Release|Any CPU.ActiveCfg = Release|Any CPU
		{B2DA3CA4-7CAA-4488-AE50-6AB9CB81F0EB}.Release|Any CPU.Build.0 = Release|Any CPU
		{05094415-4242-4F74-B24D-BF0C7335C85E}.Debug|Any CPU.ActiveCfg = Debug|Any CPU
		{05094415-4242-4F74-B24D-BF0C7335C85E}.Debug|Any CPU.Build.0 = Debug|Any CPU
		{05094415-4242-4F74-B24D-BF0C7335C85E}.Release|Any CPU.ActiveCfg = Release|Any CPU
		{05094415-4242-4F74-B24D-BF0C7335C85E}.Release|Any CPU.Build.0 = Release|Any CPU
	EndGlobalSection
	GlobalSection(SolutionProperties) = preSolution
		HideSolutionNode = FALSE
	EndGlobalSection
EndGlobal
